// !$*UTF8*$!
{
	archiveVersion = 1;
	classes = {
	};
	objectVersion = 46;
	objects = {

/* Begin PBXBuildFile section */
		1D2328761ABF0DD500A94742 /* User.swift in Sources */ = {isa = PBXBuildFile; fileRef = 1D2328751ABF0DD500A94742 /* User.swift */; };
		1D2328791AC1B88D00A94742 /* UserRequests.swift in Sources */ = {isa = PBXBuildFile; fileRef = 1D2328781AC1B88D00A94742 /* UserRequests.swift */; };
		1D4E8FF21ABEAA5B001ABCD5 /* AppDelegate.swift in Sources */ = {isa = PBXBuildFile; fileRef = 1D4E8FF11ABEAA5B001ABCD5 /* AppDelegate.swift */; };
		1D4E8FF41ABEAA5B001ABCD5 /* MainController.swift in Sources */ = {isa = PBXBuildFile; fileRef = 1D4E8FF31ABEAA5B001ABCD5 /* MainController.swift */; };
		1D4E8FF71ABEAA5B001ABCD5 /* Main.storyboard in Resources */ = {isa = PBXBuildFile; fileRef = 1D4E8FF51ABEAA5B001ABCD5 /* Main.storyboard */; };
		1D4E8FF91ABEAA5B001ABCD5 /* Images.xcassets in Resources */ = {isa = PBXBuildFile; fileRef = 1D4E8FF81ABEAA5B001ABCD5 /* Images.xcassets */; };
		1D4E8FFC1ABEAA5B001ABCD5 /* LaunchScreen.xib in Resources */ = {isa = PBXBuildFile; fileRef = 1D4E8FFA1ABEAA5B001ABCD5 /* LaunchScreen.xib */; };
		1D4E90081ABEAA5B001ABCD5 /* TestAppTests.swift in Sources */ = {isa = PBXBuildFile; fileRef = 1D4E90071ABEAA5B001ABCD5 /* TestAppTests.swift */; };
		1D4E90151ABEADF5001ABCD5 /* Podfile in Resources */ = {isa = PBXBuildFile; fileRef = 1D4E90141ABEADF5001ABCD5 /* Podfile */; };
		61DDA436E800F86BD3371B2A /* libPods.a in Frameworks */ = {isa = PBXBuildFile; fileRef = 0821FE557FE4F00EB869FFE5 /* libPods.a */; };
/* End PBXBuildFile section */

/* Begin PBXContainerItemProxy section */
		1D4E90021ABEAA5B001ABCD5 /* PBXContainerItemProxy */ = {
			isa = PBXContainerItemProxy;
			containerPortal = 1D4E8FE41ABEAA5B001ABCD5 /* Project object */;
			proxyType = 1;
			remoteGlobalIDString = 1D4E8FEB1ABEAA5B001ABCD5;
			remoteInfo = TestApp;
		};
/* End PBXContainerItemProxy section */

/* Begin PBXFileReference section */
		0821FE557FE4F00EB869FFE5 /* libPods.a */ = {isa = PBXFileReference; explicitFileType = archive.ar; includeInIndex = 0; path = libPods.a; sourceTree = BUILT_PRODUCTS_DIR; };
		1D2328741ABEB22300A94742 /* TestApp-Bridging-Header.h */ = {isa = PBXFileReference; lastKnownFileType = sourcecode.c.h; path = "TestApp-Bridging-Header.h"; sourceTree = "<group>"; };
		1D2328751ABF0DD500A94742 /* User.swift */ = {isa = PBXFileReference; fileEncoding = 4; lastKnownFileType = sourcecode.swift; path = User.swift; sourceTree = "<group>"; };
		1D2328781AC1B88D00A94742 /* UserRequests.swift */ = {isa = PBXFileReference; fileEncoding = 4; lastKnownFileType = sourcecode.swift; path = UserRequests.swift; sourceTree = "<group>"; };
		1D4E8FEC1ABEAA5B001ABCD5 /* TestApp.app */ = {isa = PBXFileReference; explicitFileType = wrapper.application; includeInIndex = 0; path = TestApp.app; sourceTree = BUILT_PRODUCTS_DIR; };
		1D4E8FF01ABEAA5B001ABCD5 /* Info.plist */ = {isa = PBXFileReference; lastKnownFileType = text.plist.xml; path = Info.plist; sourceTree = "<group>"; };
		1D4E8FF11ABEAA5B001ABCD5 /* AppDelegate.swift */ = {isa = PBXFileReference; lastKnownFileType = sourcecode.swift; path = AppDelegate.swift; sourceTree = "<group>"; };
		1D4E8FF31ABEAA5B001ABCD5 /* MainController.swift */ = {isa = PBXFileReference; lastKnownFileType = sourcecode.swift; path = MainController.swift; sourceTree = "<group>"; };
		1D4E8FF61ABEAA5B001ABCD5 /* Base */ = {isa = PBXFileReference; lastKnownFileType = file.storyboard; name = Base; path = Base.lproj/Main.storyboard; sourceTree = "<group>"; };
		1D4E8FF81ABEAA5B001ABCD5 /* Images.xcassets */ = {isa = PBXFileReference; lastKnownFileType = folder.assetcatalog; path = Images.xcassets; sourceTree = "<group>"; };
		1D4E8FFB1ABEAA5B001ABCD5 /* Base */ = {isa = PBXFileReference; lastKnownFileType = file.xib; name = Base; path = Base.lproj/LaunchScreen.xib; sourceTree = "<group>"; };
		1D4E90011ABEAA5B001ABCD5 /* TestAppTests.xctest */ = {isa = PBXFileReference; explicitFileType = wrapper.cfbundle; includeInIndex = 0; path = TestAppTests.xctest; sourceTree = BUILT_PRODUCTS_DIR; };
		1D4E90061ABEAA5B001ABCD5 /* Info.plist */ = {isa = PBXFileReference; lastKnownFileType = text.plist.xml; path = Info.plist; sourceTree = "<group>"; };
		1D4E90071ABEAA5B001ABCD5 /* TestAppTests.swift */ = {isa = PBXFileReference; lastKnownFileType = sourcecode.swift; path = TestAppTests.swift; sourceTree = "<group>"; };
		1D4E90141ABEADF5001ABCD5 /* Podfile */ = {isa = PBXFileReference; fileEncoding = 4; lastKnownFileType = text; path = Podfile; sourceTree = "<group>"; xcLanguageSpecificationIdentifier = xcode.lang.ruby; };
		3E7F99A7DE549C3E4393BADB /* Pods.release.xcconfig */ = {isa = PBXFileReference; includeInIndex = 1; lastKnownFileType = text.xcconfig; name = Pods.release.xcconfig; path = "Pods/Target Support Files/Pods/Pods.release.xcconfig"; sourceTree = "<group>"; };
		5787B4B5C4AFA7E9DF40BB1F /* Pods.debug.xcconfig */ = {isa = PBXFileReference; includeInIndex = 1; lastKnownFileType = text.xcconfig; name = Pods.debug.xcconfig; path = "Pods/Target Support Files/Pods/Pods.debug.xcconfig"; sourceTree = "<group>"; };
/* End PBXFileReference section */

/* Begin PBXFrameworksBuildPhase section */
		1D4E8FE91ABEAA5B001ABCD5 /* Frameworks */ = {
			isa = PBXFrameworksBuildPhase;
			buildActionMask = 2147483647;
			files = (
				61DDA436E800F86BD3371B2A /* libPods.a in Frameworks */,
			);
			runOnlyForDeploymentPostprocessing = 0;
		};
		1D4E8FFE1ABEAA5B001ABCD5 /* Frameworks */ = {
			isa = PBXFrameworksBuildPhase;
			buildActionMask = 2147483647;
			files = (
			);
			runOnlyForDeploymentPostprocessing = 0;
		};
/* End PBXFrameworksBuildPhase section */

/* Begin PBXGroup section */
		1D2328771AC1B7C300A94742 /* Request */ = {
			isa = PBXGroup;
			children = (
				1D2328781AC1B88D00A94742 /* UserRequests.swift */,
			);
			name = Request;
			sourceTree = "<group>";
		};
		1D4E8FE31ABEAA5B001ABCD5 = {
			isa = PBXGroup;
			children = (
				1D4E8FEE1ABEAA5B001ABCD5 /* TestApp */,
				1D4E90041ABEAA5B001ABCD5 /* TestAppTests */,
				1D4E8FED1ABEAA5B001ABCD5 /* Products */,
				1D4E90141ABEADF5001ABCD5 /* Podfile */,
				3F356154E94E498539381195 /* Pods */,
				F636BB5179B0B2D3C46309DC /* Frameworks */,
			);
			sourceTree = "<group>";
		};
		1D4E8FED1ABEAA5B001ABCD5 /* Products */ = {
			isa = PBXGroup;
			children = (
				1D4E8FEC1ABEAA5B001ABCD5 /* TestApp.app */,
				1D4E90011ABEAA5B001ABCD5 /* TestAppTests.xctest */,
			);
			name = Products;
			sourceTree = "<group>";
		};
		1D4E8FEE1ABEAA5B001ABCD5 /* TestApp */ = {
			isa = PBXGroup;
			children = (
				1D2328771AC1B7C300A94742 /* Request */,
				1D4E90131ABEAC1D001ABCD5 /* Model */,
				1D4E90121ABEAAE7001ABCD5 /* ViewController */,
				1D4E90111ABEAAAA001ABCD5 /* Storyboard */,
				1D4E8FF11ABEAA5B001ABCD5 /* AppDelegate.swift */,
				1D4E8FF81ABEAA5B001ABCD5 /* Images.xcassets */,
				1D4E8FFA1ABEAA5B001ABCD5 /* LaunchScreen.xib */,
				1D4E8FEF1ABEAA5B001ABCD5 /* Supporting Files */,
				1D2328741ABEB22300A94742 /* TestApp-Bridging-Header.h */,
			);
			path = TestApp;
			sourceTree = "<group>";
		};
		1D4E8FEF1ABEAA5B001ABCD5 /* Supporting Files */ = {
			isa = PBXGroup;
			children = (
				1D4E8FF01ABEAA5B001ABCD5 /* Info.plist */,
			);
			name = "Supporting Files";
			sourceTree = "<group>";
		};
		1D4E90041ABEAA5B001ABCD5 /* TestAppTests */ = {
			isa = PBXGroup;
			children = (
				1D4E90071ABEAA5B001ABCD5 /* TestAppTests.swift */,
				1D4E90051ABEAA5B001ABCD5 /* Supporting Files */,
			);
			path = TestAppTests;
			sourceTree = "<group>";
		};
		1D4E90051ABEAA5B001ABCD5 /* Supporting Files */ = {
			isa = PBXGroup;
			children = (
				1D4E90061ABEAA5B001ABCD5 /* Info.plist */,
			);
			name = "Supporting Files";
			sourceTree = "<group>";
		};
		1D4E90111ABEAAAA001ABCD5 /* Storyboard */ = {
			isa = PBXGroup;
			children = (
				1D4E8FF51ABEAA5B001ABCD5 /* Main.storyboard */,
			);
			name = Storyboard;
			sourceTree = "<group>";
		};
		1D4E90121ABEAAE7001ABCD5 /* ViewController */ = {
			isa = PBXGroup;
			children = (
				1D4E8FF31ABEAA5B001ABCD5 /* MainController.swift */,
			);
			name = ViewController;
			sourceTree = "<group>";
		};
		1D4E90131ABEAC1D001ABCD5 /* Model */ = {
			isa = PBXGroup;
			children = (
				1D2328751ABF0DD500A94742 /* User.swift */,
			);
			name = Model;
			sourceTree = "<group>";
		};
		3F356154E94E498539381195 /* Pods */ = {
			isa = PBXGroup;
			children = (
				5787B4B5C4AFA7E9DF40BB1F /* Pods.debug.xcconfig */,
				3E7F99A7DE549C3E4393BADB /* Pods.release.xcconfig */,
			);
			name = Pods;
			sourceTree = "<group>";
		};
		F636BB5179B0B2D3C46309DC /* Frameworks */ = {
			isa = PBXGroup;
			children = (
				0821FE557FE4F00EB869FFE5 /* libPods.a */,
			);
			name = Frameworks;
			sourceTree = "<group>";
		};
/* End PBXGroup section */

/* Begin PBXNativeTarget section */
		1D4E8FEB1ABEAA5B001ABCD5 /* TestApp */ = {
			isa = PBXNativeTarget;
			buildConfigurationList = 1D4E900B1ABEAA5B001ABCD5 /* Build configuration list for PBXNativeTarget "TestApp" */;
			buildPhases = (
				3DA3145B69BCF4C60E5F11D0 /* Check Pods Manifest.lock */,
				1D4E8FE81ABEAA5B001ABCD5 /* Sources */,
				1D4E8FE91ABEAA5B001ABCD5 /* Frameworks */,
				1D4E8FEA1ABEAA5B001ABCD5 /* Resources */,
				A3B8AE182A22D8E3FF7969A3 /* Copy Pods Resources */,
			);
			buildRules = (
			);
			dependencies = (
			);
			name = TestApp;
			productName = TestApp;
			productReference = 1D4E8FEC1ABEAA5B001ABCD5 /* TestApp.app */;
			productType = "com.apple.product-type.application";
		};
		1D4E90001ABEAA5B001ABCD5 /* TestAppTests */ = {
			isa = PBXNativeTarget;
			buildConfigurationList = 1D4E900E1ABEAA5B001ABCD5 /* Build configuration list for PBXNativeTarget "TestAppTests" */;
			buildPhases = (
				1D4E8FFD1ABEAA5B001ABCD5 /* Sources */,
				1D4E8FFE1ABEAA5B001ABCD5 /* Frameworks */,
				1D4E8FFF1ABEAA5B001ABCD5 /* Resources */,
			);
			buildRules = (
			);
			dependencies = (
				1D4E90031ABEAA5B001ABCD5 /* PBXTargetDependency */,
			);
			name = TestAppTests;
			productName = TestAppTests;
			productReference = 1D4E90011ABEAA5B001ABCD5 /* TestAppTests.xctest */;
			productType = "com.apple.product-type.bundle.unit-test";
		};
/* End PBXNativeTarget section */

/* Begin PBXProject section */
		1D4E8FE41ABEAA5B001ABCD5 /* Project object */ = {
			isa = PBXProject;
			attributes = {
				LastUpgradeCheck = 0620;
				ORGANIZATIONNAME = Loup;
				TargetAttributes = {
					1D4E8FEB1ABEAA5B001ABCD5 = {
						CreatedOnToolsVersion = 6.2;
					};
					1D4E90001ABEAA5B001ABCD5 = {
						CreatedOnToolsVersion = 6.2;
						TestTargetID = 1D4E8FEB1ABEAA5B001ABCD5;
					};
				};
			};
			buildConfigurationList = 1D4E8FE71ABEAA5B001ABCD5 /* Build configuration list for PBXProject "TestApp" */;
			compatibilityVersion = "Xcode 3.2";
			developmentRegion = English;
			hasScannedForEncodings = 0;
			knownRegions = (
				en,
				Base,
			);
			mainGroup = 1D4E8FE31ABEAA5B001ABCD5;
			productRefGroup = 1D4E8FED1ABEAA5B001ABCD5 /* Products */;
			projectDirPath = "";
			projectRoot = "";
			targets = (
				1D4E8FEB1ABEAA5B001ABCD5 /* TestApp */,
				1D4E90001ABEAA5B001ABCD5 /* TestAppTests */,
			);
		};
/* End PBXProject section */

/* Begin PBXResourcesBuildPhase section */
		1D4E8FEA1ABEAA5B001ABCD5 /* Resources */ = {
			isa = PBXResourcesBuildPhase;
			buildActionMask = 2147483647;
			files = (
				1D4E8FF71ABEAA5B001ABCD5 /* Main.storyboard in Resources */,
				1D4E8FFC1ABEAA5B001ABCD5 /* LaunchScreen.xib in Resources */,
				1D4E90151ABEADF5001ABCD5 /* Podfile in Resources */,
				1D4E8FF91ABEAA5B001ABCD5 /* Images.xcassets in Resources */,
			);
			runOnlyForDeploymentPostprocessing = 0;
		};
		1D4E8FFF1ABEAA5B001ABCD5 /* Resources */ = {
			isa = PBXResourcesBuildPhase;
			buildActionMask = 2147483647;
			files = (
			);
			runOnlyForDeploymentPostprocessing = 0;
		};
/* End PBXResourcesBuildPhase section */

/* Begin PBXShellScriptBuildPhase section */
		3DA3145B69BCF4C60E5F11D0 /* Check Pods Manifest.lock */ = {
			isa = PBXShellScriptBuildPhase;
			buildActionMask = 2147483647;
			files = (
			);
			inputPaths = (
			);
			name = "Check Pods Manifest.lock";
			outputPaths = (
			);
			runOnlyForDeploymentPostprocessing = 0;
			shellPath = /bin/sh;
			shellScript = "diff \"${PODS_ROOT}/../Podfile.lock\" \"${PODS_ROOT}/Manifest.lock\" > /dev/null\nif [[ $? != 0 ]] ; then\n    cat << EOM\nerror: The sandbox is not in sync with the Podfile.lock. Run 'pod install' or update your CocoaPods installation.\nEOM\n    exit 1\nfi\n";
			showEnvVarsInLog = 0;
		};
		A3B8AE182A22D8E3FF7969A3 /* Copy Pods Resources */ = {
			isa = PBXShellScriptBuildPhase;
			buildActionMask = 2147483647;
			files = (
			);
			inputPaths = (
			);
			name = "Copy Pods Resources";
			outputPaths = (
			);
			runOnlyForDeploymentPostprocessing = 0;
			shellPath = /bin/sh;
			shellScript = "\"${SRCROOT}/Pods/Target Support Files/Pods/Pods-resources.sh\"\n";
			showEnvVarsInLog = 0;
		};
/* End PBXShellScriptBuildPhase section */

/* Begin PBXSourcesBuildPhase section */
		1D4E8FE81ABEAA5B001ABCD5 /* Sources */ = {
			isa = PBXSourcesBuildPhase;
			buildActionMask = 2147483647;
			files = (
				1D2328791AC1B88D00A94742 /* UserRequests.swift in Sources */,
				1D4E8FF41ABEAA5B001ABCD5 /* MainController.swift in Sources */,
				1D4E8FF21ABEAA5B001ABCD5 /* AppDelegate.swift in Sources */,
				1D2328761ABF0DD500A94742 /* User.swift in Sources */,
			);
			runOnlyForDeploymentPostprocessing = 0;
		};
		1D4E8FFD1ABEAA5B001ABCD5 /* Sources */ = {
			isa = PBXSourcesBuildPhase;
			buildActionMask = 2147483647;
			files = (
				1D4E90081ABEAA5B001ABCD5 /* TestAppTests.swift in Sources */,
			);
			runOnlyForDeploymentPostprocessing = 0;
		};
/* End PBXSourcesBuildPhase section */

/* Begin PBXTargetDependency section */
		1D4E90031ABEAA5B001ABCD5 /* PBXTargetDependency */ = {
			isa = PBXTargetDependency;
			target = 1D4E8FEB1ABEAA5B001ABCD5 /* TestApp */;
			targetProxy = 1D4E90021ABEAA5B001ABCD5 /* PBXContainerItemProxy */;
		};
/* End PBXTargetDependency section */

/* Begin PBXVariantGroup section */
		1D4E8FF51ABEAA5B001ABCD5 /* Main.storyboard */ = {
			isa = PBXVariantGroup;
			children = (
				1D4E8FF61ABEAA5B001ABCD5 /* Base */,
			);
			name = Main.storyboard;
			sourceTree = "<group>";
		};
		1D4E8FFA1ABEAA5B001ABCD5 /* LaunchScreen.xib */ = {
			isa = PBXVariantGroup;
			children = (
				1D4E8FFB1ABEAA5B001ABCD5 /* Base */,
			);
			name = LaunchScreen.xib;
			sourceTree = "<group>";
		};
/* End PBXVariantGroup section */

/* Begin XCBuildConfiguration section */
		1D4E90091ABEAA5B001ABCD5 /* Debug */ = {
			isa = XCBuildConfiguration;
			buildSettings = {
				ALWAYS_SEARCH_USER_PATHS = NO;
				CLANG_CXX_LANGUAGE_STANDARD = "gnu++0x";
				CLANG_CXX_LIBRARY = "libc++";
				CLANG_ENABLE_MODULES = YES;
				CLANG_ENABLE_OBJC_ARC = YES;
				CLANG_WARN_BOOL_CONVERSION = YES;
				CLANG_WARN_CONSTANT_CONVERSION = YES;
				CLANG_WARN_DIRECT_OBJC_ISA_USAGE = YES_ERROR;
				CLANG_WARN_EMPTY_BODY = YES;
				CLANG_WARN_ENUM_CONVERSION = YES;
				CLANG_WARN_INT_CONVERSION = YES;
				CLANG_WARN_OBJC_ROOT_CLASS = YES_ERROR;
				CLANG_WARN_UNREACHABLE_CODE = YES;
				CLANG_WARN__DUPLICATE_METHOD_MATCH = YES;
				"CODE_SIGN_IDENTITY[sdk=iphoneos*]" = "iPhone Developer";
				COPY_PHASE_STRIP = NO;
				ENABLE_STRICT_OBJC_MSGSEND = YES;
				GCC_C_LANGUAGE_STANDARD = gnu99;
				GCC_DYNAMIC_NO_PIC = NO;
				GCC_OPTIMIZATION_LEVEL = 0;
				GCC_PREPROCESSOR_DEFINITIONS = (
					"DEBUG=1",
					"$(inherited)",
				);
				GCC_SYMBOLS_PRIVATE_EXTERN = NO;
				GCC_WARN_64_TO_32_BIT_CONVERSION = YES;
				GCC_WARN_ABOUT_RETURN_TYPE = YES_ERROR;
				GCC_WARN_UNDECLARED_SELECTOR = YES;
				GCC_WARN_UNINITIALIZED_AUTOS = YES_AGGRESSIVE;
				GCC_WARN_UNUSED_FUNCTION = YES;
				GCC_WARN_UNUSED_VARIABLE = YES;
				IPHONEOS_DEPLOYMENT_TARGET = 8.2;
				MTL_ENABLE_DEBUG_INFO = YES;
				ONLY_ACTIVE_ARCH = YES;
				SDKROOT = iphoneos;
				SWIFT_OPTIMIZATION_LEVEL = "-Onone";
			};
			name = Debug;
		};
		1D4E900A1ABEAA5B001ABCD5 /* Release */ = {
			isa = XCBuildConfiguration;
			buildSettings = {
				ALWAYS_SEARCH_USER_PATHS = NO;
				CLANG_CXX_LANGUAGE_STANDARD = "gnu++0x";
				CLANG_CXX_LIBRARY = "libc++";
				CLANG_ENABLE_MODULES = YES;
				CLANG_ENABLE_OBJC_ARC = YES;
				CLANG_WARN_BOOL_CONVERSION = YES;
				CLANG_WARN_CONSTANT_CONVERSION = YES;
				CLANG_WARN_DIRECT_OBJC_ISA_USAGE = YES_ERROR;
				CLANG_WARN_EMPTY_BODY = YES;
				CLANG_WARN_ENUM_CONVERSION = YES;
				CLANG_WARN_INT_CONVERSION = YES;
				CLANG_WARN_OBJC_ROOT_CLASS = YES_ERROR;
				CLANG_WARN_UNREACHABLE_CODE = YES;
				CLANG_WARN__DUPLICATE_METHOD_MATCH = YES;
				"CODE_SIGN_IDENTITY[sdk=iphoneos*]" = "iPhone Developer";
				COPY_PHASE_STRIP = NO;
				ENABLE_NS_ASSERTIONS = NO;
				ENABLE_STRICT_OBJC_MSGSEND = YES;
				GCC_C_LANGUAGE_STANDARD = gnu99;
				GCC_WARN_64_TO_32_BIT_CONVERSION = YES;
				GCC_WARN_ABOUT_RETURN_TYPE = YES_ERROR;
				GCC_WARN_UNDECLARED_SELECTOR = YES;
				GCC_WARN_UNINITIALIZED_AUTOS = YES_AGGRESSIVE;
				GCC_WARN_UNUSED_FUNCTION = YES;
				GCC_WARN_UNUSED_VARIABLE = YES;
				IPHONEOS_DEPLOYMENT_TARGET = 8.2;
				MTL_ENABLE_DEBUG_INFO = NO;
				SDKROOT = iphoneos;
				VALIDATE_PRODUCT = YES;
			};
			name = Release;
		};
		1D4E900C1ABEAA5B001ABCD5 /* Debug */ = {
			isa = XCBuildConfiguration;
			baseConfigurationReference = 5787B4B5C4AFA7E9DF40BB1F /* Pods.debug.xcconfig */;
			buildSettings = {
				ASSETCATALOG_COMPILER_APPICON_NAME = AppIcon;
				INFOPLIST_FILE = TestApp/Info.plist;
				LD_RUNPATH_SEARCH_PATHS = "$(inherited) @executable_path/Frameworks";
				PRODUCT_NAME = "$(TARGET_NAME)";
				SWIFT_OBJC_BRIDGING_HEADER = "TestApp/TestApp-Bridging-Header.h";
			};
			name = Debug;
		};
		1D4E900D1ABEAA5B001ABCD5 /* Release */ = {
			isa = XCBuildConfiguration;
			baseConfigurationReference = 3E7F99A7DE549C3E4393BADB /* Pods.release.xcconfig */;
			buildSettings = {
				ASSETCATALOG_COMPILER_APPICON_NAME = AppIcon;
				INFOPLIST_FILE = TestApp/Info.plist;
				LD_RUNPATH_SEARCH_PATHS = "$(inherited) @executable_path/Frameworks";
				PRODUCT_NAME = "$(TARGET_NAME)";
				SWIFT_OBJC_BRIDGING_HEADER = "TestApp/TestApp-Bridging-Header.h";
			};
			name = Release;
		};
		1D4E900F1ABEAA5B001ABCD5 /* Debug */ = {
			isa = XCBuildConfiguration;
			buildSettings = {
				BUNDLE_LOADER = "$(TEST_HOST)";
				FRAMEWORK_SEARCH_PATHS = (
					"$(SDKROOT)/Developer/Library/Frameworks",
					"$(inherited)",
				);
				GCC_PREPROCESSOR_DEFINITIONS = (
					"DEBUG=1",
					"$(inherited)",
				);
				INFOPLIST_FILE = TestAppTests/Info.plist;
				LD_RUNPATH_SEARCH_PATHS = "$(inherited) @executable_path/Frameworks @loader_path/Frameworks";
				PRODUCT_NAME = "$(TARGET_NAME)";
				TEST_HOST = "$(BUILT_PRODUCTS_DIR)/TestApp.app/TestApp";
			};
			name = Debug;
		};
		1D4E90101ABEAA5B001ABCD5 /* Release */ = {
			isa = XCBuildConfiguration;
			buildSettings = {
				BUNDLE_LOADER = "$(TEST_HOST)";
				FRAMEWORK_SEARCH_PATHS = (
					"$(SDKROOT)/Developer/Library/Frameworks",
					"$(inherited)",
				);
				INFOPLIST_FILE = TestAppTests/Info.plist;
				LD_RUNPATH_SEARCH_PATHS = "$(inherited) @executable_path/Frameworks @loader_path/Frameworks";
				PRODUCT_NAME = "$(TARGET_NAME)";
				TEST_HOST = "$(BUILT_PRODUCTS_DIR)/TestApp.app/TestApp";
			};
			name = Release;
		};
/* End XCBuildConfiguration section */

/* Begin XCConfigurationList section */
		1D4E8FE71ABEAA5B001ABCD5 /* Build configuration list for PBXProject "TestApp" */ = {
			isa = XCConfigurationList;
			buildConfigurations = (
				1D4E90091ABEAA5B001ABCD5 /* Debug */,
				1D4E900A1ABEAA5B001ABCD5 /* Release */,
			);
			defaultConfigurationIsVisible = 0;
			defaultConfigurationName = Release;
		};
		1D4E900B1ABEAA5B001ABCD5 /* Build configuration list for PBXNativeTarget "TestApp" */ = {
			isa = XCConfigurationList;
			buildConfigurations = (
				1D4E900C1ABEAA5B001ABCD5 /* Debug */,
				1D4E900D1ABEAA5B001ABCD5 /* Release */,
			);
			defaultConfigurationIsVisible = 0;
			defaultConfigurationName = Release;
		};
		1D4E900E1ABEAA5B001ABCD5 /* Build configuration list for PBXNativeTarget "TestAppTests" */ = {
			isa = XCConfigurationList;
			buildConfigurations = (
				1D4E900F1ABEAA5B001ABCD5 /* Debug */,
				1D4E90101ABEAA5B001ABCD5 /* Release */,
			);
			defaultConfigurationIsVisible = 0;
			defaultConfigurationName = Release;
		};
/* End XCConfigurationList section */
	};
	rootObject = 1D4E8FE41ABEAA5B001ABCD5 /* Project object */;
}
